// !$*UTF8*$!
{
	archiveVersion = 1;
	classes = {
	};
	objectVersion = 46;
	objects = {

/* Begin PBXBuildFile section */
		D8B3CEA41F473B0A003F94FA /* AppDelegate.swift in Sources */ = {isa = PBXBuildFile; fileRef = D8B3CEA31F473B0A003F94FA /* AppDelegate.swift */; };
		D8B3CEA91F473B0A003F94FA /* Main.storyboard in Resources */ = {isa = PBXBuildFile; fileRef = D8B3CEA71F473B0A003F94FA /* Main.storyboard */; };
		D8B3CEAB1F473B0A003F94FA /* Assets.xcassets in Resources */ = {isa = PBXBuildFile; fileRef = D8B3CEAA1F473B0A003F94FA /* Assets.xcassets */; };
		D8B3CEAE1F473B0A003F94FA /* LaunchScreen.storyboard in Resources */ = {isa = PBXBuildFile; fileRef = D8B3CEAC1F473B0A003F94FA /* LaunchScreen.storyboard */; };
		D8B3CEB81F473B18003F94FA /* CloudKit.framework in Frameworks */ = {isa = PBXBuildFile; fileRef = D8B3CEB71F473B18003F94FA /* CloudKit.framework */; };
		D8B3CEBB1F473C90003F94FA /* ContactsMainTableViewController.swift in Sources */ = {isa = PBXBuildFile; fileRef = D8B3CEBA1F473C90003F94FA /* ContactsMainTableViewController.swift */; };
		D8B3CEBD1F473C9B003F94FA /* ContactsDetailTableViewController.swift in Sources */ = {isa = PBXBuildFile; fileRef = D8B3CEBC1F473C9B003F94FA /* ContactsDetailTableViewController.swift */; };
		D8B3CEC01F473E68003F94FA /* Contact.swift in Sources */ = {isa = PBXBuildFile; fileRef = D8B3CEBF1F473E68003F94FA /* Contact.swift */; };
		D8B3CEC21F473E70003F94FA /* ContactController.swift in Sources */ = {isa = PBXBuildFile; fileRef = D8B3CEC11F473E70003F94FA /* ContactController.swift */; };
		D8B3CEC41F473E78003F94FA /* CloudKitManager.swift in Sources */ = {isa = PBXBuildFile; fileRef = D8B3CEC31F473E78003F94FA /* CloudKitManager.swift */; };
		D8B3CEC61F473FEB003F94FA /* Constants.swift in Sources */ = {isa = PBXBuildFile; fileRef = D8B3CEC51F473FEB003F94FA /* Constants.swift */; };
/* End PBXBuildFile section */

/* Begin PBXFileReference section */
		D8B3CEA01F473B0A003F94FA /* Contacts.app */ = {isa = PBXFileReference; explicitFileType = wrapper.application; includeInIndex = 0; path = Contacts.app; sourceTree = BUILT_PRODUCTS_DIR; };
		D8B3CEA31F473B0A003F94FA /* AppDelegate.swift */ = {isa = PBXFileReference; lastKnownFileType = sourcecode.swift; path = AppDelegate.swift; sourceTree = "<group>"; };
		D8B3CEA81F473B0A003F94FA /* Base */ = {isa = PBXFileReference; lastKnownFileType = file.storyboard; name = Base; path = Base.lproj/Main.storyboard; sourceTree = "<group>"; };
		D8B3CEAA1F473B0A003F94FA /* Assets.xcassets */ = {isa = PBXFileReference; lastKnownFileType = folder.assetcatalog; path = Assets.xcassets; sourceTree = "<group>"; };
		D8B3CEAD1F473B0A003F94FA /* Base */ = {isa = PBXFileReference; lastKnownFileType = file.storyboard; name = Base; path = Base.lproj/LaunchScreen.storyboard; sourceTree = "<group>"; };
		D8B3CEAF1F473B0A003F94FA /* Info.plist */ = {isa = PBXFileReference; lastKnownFileType = text.plist.xml; path = Info.plist; sourceTree = "<group>"; };
		D8B3CEB51F473B15003F94FA /* Contacts.entitlements */ = {isa = PBXFileReference; lastKnownFileType = text.plist.entitlements; path = Contacts.entitlements; sourceTree = "<group>"; };
		D8B3CEB71F473B18003F94FA /* CloudKit.framework */ = {isa = PBXFileReference; lastKnownFileType = wrapper.framework; name = CloudKit.framework; path = System/Library/Frameworks/CloudKit.framework; sourceTree = SDKROOT; };
		D8B3CEBA1F473C90003F94FA /* ContactsMainTableViewController.swift */ = {isa = PBXFileReference; fileEncoding = 4; lastKnownFileType = sourcecode.swift; path = ContactsMainTableViewController.swift; sourceTree = "<group>"; };
		D8B3CEBC1F473C9B003F94FA /* ContactsDetailTableViewController.swift */ = {isa = PBXFileReference; fileEncoding = 4; lastKnownFileType = sourcecode.swift; path = ContactsDetailTableViewController.swift; sourceTree = "<group>"; };
		D8B3CEBF1F473E68003F94FA /* Contact.swift */ = {isa = PBXFileReference; fileEncoding = 4; lastKnownFileType = sourcecode.swift; path = Contact.swift; sourceTree = "<group>"; };
		D8B3CEC11F473E70003F94FA /* ContactController.swift */ = {isa = PBXFileReference; fileEncoding = 4; lastKnownFileType = sourcecode.swift; path = ContactController.swift; sourceTree = "<group>"; };
		D8B3CEC31F473E78003F94FA /* CloudKitManager.swift */ = {isa = PBXFileReference; fileEncoding = 4; lastKnownFileType = sourcecode.swift; path = CloudKitManager.swift; sourceTree = "<group>"; };
		D8B3CEC51F473FEB003F94FA /* Constants.swift */ = {isa = PBXFileReference; fileEncoding = 4; lastKnownFileType = sourcecode.swift; path = Constants.swift; sourceTree = "<group>"; };
/* End PBXFileReference section */

/* Begin PBXFrameworksBuildPhase section */
		D8B3CE9D1F473B0A003F94FA /* Frameworks */ = {
			isa = PBXFrameworksBuildPhase;
			buildActionMask = 2147483647;
			files = (
				D8B3CEB81F473B18003F94FA /* CloudKit.framework in Frameworks */,
			);
			runOnlyForDeploymentPostprocessing = 0;
		};
/* End PBXFrameworksBuildPhase section */

/* Begin PBXGroup section */
		D8B3CE971F473B0A003F94FA = {
			isa = PBXGroup;
			children = (
				D8B3CEA21F473B0A003F94FA /* Contacts */,
				D8B3CEA11F473B0A003F94FA /* Products */,
				D8B3CEB61F473B18003F94FA /* Frameworks */,
			);
			sourceTree = "<group>";
		};
		D8B3CEA11F473B0A003F94FA /* Products */ = {
			isa = PBXGroup;
			children = (
				D8B3CEA01F473B0A003F94FA /* Contacts.app */,
			);
			name = Products;
			sourceTree = "<group>";
		};
		D8B3CEA21F473B0A003F94FA /* Contacts */ = {
			isa = PBXGroup;
			children = (
				D8B3CEA31F473B0A003F94FA /* AppDelegate.swift */,
				D8B3CEC71F4747D1003F94FA /* Model */,
				D8B3CEBE1F473C9F003F94FA /* UI */,
				D8B3CEB91F473B3F003F94FA /* Resources */,
			);
			path = Contacts;
			sourceTree = "<group>";
		};
		D8B3CEB61F473B18003F94FA /* Frameworks */ = {
			isa = PBXGroup;
			children = (
				D8B3CEB71F473B18003F94FA /* CloudKit.framework */,
			);
			name = Frameworks;
			sourceTree = "<group>";
		};
		D8B3CEB91F473B3F003F94FA /* Resources */ = {
			isa = PBXGroup;
			children = (
				D8B3CEAA1F473B0A003F94FA /* Assets.xcassets */,
				D8B3CEAC1F473B0A003F94FA /* LaunchScreen.storyboard */,
				D8B3CEAF1F473B0A003F94FA /* Info.plist */,
				D8B3CEB51F473B15003F94FA /* Contacts.entitlements */,
			);
			name = Resources;
			sourceTree = "<group>";
		};
		D8B3CEBE1F473C9F003F94FA /* UI */ = {
			isa = PBXGroup;
			children = (
				D8B3CEA71F473B0A003F94FA /* Main.storyboard */,
				D8B3CEBA1F473C90003F94FA /* ContactsMainTableViewController.swift */,
				D8B3CEBC1F473C9B003F94FA /* ContactsDetailTableViewController.swift */,
			);
			name = UI;
			sourceTree = "<group>";
		};
		D8B3CEC71F4747D1003F94FA /* Model */ = {
			isa = PBXGroup;
			children = (
				D8B3CEC51F473FEB003F94FA /* Constants.swift */,
				D8B3CEBF1F473E68003F94FA /* Contact.swift */,
				D8B3CEC11F473E70003F94FA /* ContactController.swift */,
				D8B3CEC31F473E78003F94FA /* CloudKitManager.swift */,
			);
			name = Model;
			sourceTree = "<group>";
		};
/* End PBXGroup section */

/* Begin PBXNativeTarget section */
		D8B3CE9F1F473B0A003F94FA /* Contacts */ = {
			isa = PBXNativeTarget;
			buildConfigurationList = D8B3CEB21F473B0A003F94FA /* Build configuration list for PBXNativeTarget "Contacts" */;
			buildPhases = (
				D8B3CE9C1F473B0A003F94FA /* Sources */,
				D8B3CE9D1F473B0A003F94FA /* Frameworks */,
				D8B3CE9E1F473B0A003F94FA /* Resources */,
			);
			buildRules = (
			);
			dependencies = (
			);
			name = Contacts;
			productName = Contacts;
			productReference = D8B3CEA01F473B0A003F94FA /* Contacts.app */;
			productType = "com.apple.product-type.application";
		};
/* End PBXNativeTarget section */

/* Begin PBXProject section */
		D8B3CE981F473B0A003F94FA /* Project object */ = {
			isa = PBXProject;
			attributes = {
				LastSwiftUpdateCheck = 0830;
				LastUpgradeCheck = 0830;
				ORGANIZATIONNAME = "Joe Lucero";
				TargetAttributes = {
					D8B3CE9F1F473B0A003F94FA = {
						CreatedOnToolsVersion = 8.3.3;
						DevelopmentTeam = 53BVAZ8K9G;
						ProvisioningStyle = Automatic;
						SystemCapabilities = {
							com.apple.Push = {
								enabled = 1;
							};
							com.apple.iCloud = {
								enabled = 1;
							};
						};
					};
				};
			};
			buildConfigurationList = D8B3CE9B1F473B0A003F94FA /* Build configuration list for PBXProject "Contacts" */;
			compatibilityVersion = "Xcode 3.2";
			developmentRegion = English;
			hasScannedForEncodings = 0;
			knownRegions = (
				en,
				Base,
			);
			mainGroup = D8B3CE971F473B0A003F94FA;
			productRefGroup = D8B3CEA11F473B0A003F94FA /* Products */;
			projectDirPath = "";
			projectRoot = "";
			targets = (
				D8B3CE9F1F473B0A003F94FA /* Contacts */,
			);
		};
/* End PBXProject section */

/* Begin PBXResourcesBuildPhase section */
		D8B3CE9E1F473B0A003F94FA /* Resources */ = {
			isa = PBXResourcesBuildPhase;
			buildActionMask = 2147483647;
			files = (
				D8B3CEAE1F473B0A003F94FA /* LaunchScreen.storyboard in Resources */,
				D8B3CEAB1F473B0A003F94FA /* Assets.xcassets in Resources */,
				D8B3CEA91F473B0A003F94FA /* Main.storyboard in Resources */,
			);
			runOnlyForDeploymentPostprocessing = 0;
		};
/* End PBXResourcesBuildPhase section */

/* Begin PBXSourcesBuildPhase section */
		D8B3CE9C1F473B0A003F94FA /* Sources */ = {
			isa = PBXSourcesBuildPhase;
			buildActionMask = 2147483647;
			files = (
				D8B3CEC01F473E68003F94FA /* Contact.swift in Sources */,
				D8B3CEC21F473E70003F94FA /* ContactController.swift in Sources */,
				D8B3CEC41F473E78003F94FA /* CloudKitManager.swift in Sources */,
				D8B3CEBD1F473C9B003F94FA /* ContactsDetailTableViewController.swift in Sources */,
				D8B3CEC61F473FEB003F94FA /* Constants.swift in Sources */,
				D8B3CEA41F473B0A003F94FA /* AppDelegate.swift in Sources */,
				D8B3CEBB1F473C90003F94FA /* ContactsMainTableViewController.swift in Sources */,
			);
			runOnlyForDeploymentPostprocessing = 0;
		};
/* End PBXSourcesBuildPhase section */

/* Begin PBXVariantGroup section */
		D8B3CEA71F473B0A003F94FA /* Main.storyboard */ = {
			isa = PBXVariantGroup;
			children = (
				D8B3CEA81F473B0A003F94FA /* Base */,
			);
			name = Main.storyboard;
			sourceTree = "<group>";
		};
		D8B3CEAC1F473B0A003F94FA /* LaunchScreen.storyboard */ = {
			isa = PBXVariantGroup;
			children = (
				D8B3CEAD1F473B0A003F94FA /* Base */,
			);
			name = LaunchScreen.storyboard;
			sourceTree = "<group>";
		};
/* End PBXVariantGroup section */

/* Begin XCBuildConfiguration section */
		D8B3CEB01F473B0A003F94FA /* Debug */ = {
			isa = XCBuildConfiguration;
			buildSettings = {
				ALWAYS_SEARCH_USER_PATHS = NO;
				CLANG_ANALYZER_NONNULL = YES;
				CLANG_ANALYZER_NUMBER_OBJECT_CONVERSION = YES_AGGRESSIVE;
				CLANG_CXX_LANGUAGE_STANDARD = "gnu++0x";
				CLANG_CXX_LIBRARY = "libc++";
				CLANG_ENABLE_MODULES = YES;
				CLANG_ENABLE_OBJC_ARC = YES;
				CLANG_WARN_BOOL_CONVERSION = YES;
				CLANG_WARN_CONSTANT_CONVERSION = YES;
				CLANG_WARN_DIRECT_OBJC_ISA_USAGE = YES_ERROR;
				CLANG_WARN_DOCUMENTATION_COMMENTS = YES;
				CLANG_WARN_EMPTY_BODY = YES;
				CLANG_WARN_ENUM_CONVERSION = YES;
				CLANG_WARN_INFINITE_RECURSION = YES;
				CLANG_WARN_INT_CONVERSION = YES;
				CLANG_WARN_OBJC_ROOT_CLASS = YES_ERROR;
				CLANG_WARN_SUSPICIOUS_MOVE = YES;
				CLANG_WARN_UNREACHABLE_CODE = YES;
				CLANG_WARN__DUPLICATE_METHOD_MATCH = YES;
				"CODE_SIGN_IDENTITY[sdk=iphoneos*]" = "iPhone Developer";
				COPY_PHASE_STRIP = NO;
				DEBUG_INFORMATION_FORMAT = dwarf;
				ENABLE_STRICT_OBJC_MSGSEND = YES;
				ENABLE_TESTABILITY = YES;
				GCC_C_LANGUAGE_STANDARD = gnu99;
				GCC_DYNAMIC_NO_PIC = NO;
				GCC_NO_COMMON_BLOCKS = YES;
				GCC_OPTIMIZATION_LEVEL = 0;
				GCC_PREPROCESSOR_DEFINITIONS = (
					"DEBUG=1",
					"$(inherited)",
				);
				GCC_WARN_64_TO_32_BIT_CONVERSION = YES;
				GCC_WARN_ABOUT_RETURN_TYPE = YES_ERROR;
				GCC_WARN_UNDECLARED_SELECTOR = YES;
				GCC_WARN_UNINITIALIZED_AUTOS = YES_AGGRESSIVE;
				GCC_WARN_UNUSED_FUNCTION = YES;
				GCC_WARN_UNUSED_VARIABLE = YES;
				IPHONEOS_DEPLOYMENT_TARGET = 10.3;
				MTL_ENABLE_DEBUG_INFO = YES;
				ONLY_ACTIVE_ARCH = YES;
				SDKROOT = iphoneos;
				SWIFT_ACTIVE_COMPILATION_CONDITIONS = DEBUG;
				SWIFT_OPTIMIZATION_LEVEL = "-Onone";
			};
			name = Debug;
		};
		D8B3CEB11F473B0A003F94FA /* Release */ = {
			isa = XCBuildConfiguration;
			buildSettings = {
				ALWAYS_SEARCH_USER_PATHS = NO;
				CLANG_ANALYZER_NONNULL = YES;
				CLANG_ANALYZER_NUMBER_OBJECT_CONVERSION = YES_AGGRESSIVE;
				CLANG_CXX_LANGUAGE_STANDARD = "gnu++0x";
				CLANG_CXX_LIBRARY = "libc++";
				CLANG_ENABLE_MODULES = YES;
				CLANG_ENABLE_OBJC_ARC = YES;
				CLANG_WARN_BOOL_CONVERSION = YES;
				CLANG_WARN_CONSTANT_CONVERSION = YES;
				CLANG_WARN_DIRECT_OBJC_ISA_USAGE = YES_ERROR;
				CLANG_WARN_DOCUMENTATION_COMMENTS = YES;
				CLANG_WARN_EMPTY_BODY = YES;
				CLANG_WARN_ENUM_CONVERSION = YES;
				CLANG_WARN_INFINITE_RECURSION = YES;
				CLANG_WARN_INT_CONVERSION = YES;
				CLANG_WARN_OBJC_ROOT_CLASS = YES_ERROR;
				CLANG_WARN_SUSPICIOUS_MOVE = YES;
				CLANG_WARN_UNREACHABLE_CODE = YES;
				CLANG_WARN__DUPLICATE_METHOD_MATCH = YES;
				"CODE_SIGN_IDENTITY[sdk=iphoneos*]" = "iPhone Developer";
				COPY_PHASE_STRIP = NO;
				DEBUG_INFORMATION_FORMAT = "dwarf-with-dsym";
				ENABLE_NS_ASSERTIONS = NO;
				ENABLE_STRICT_OBJC_MSGSEND = YES;
				GCC_C_LANGUAGE_STANDARD = gnu99;
				GCC_NO_COMMON_BLOCKS = YES;
				GCC_WARN_64_TO_32_BIT_CONVERSION = YES;
				GCC_WARN_ABOUT_RETURN_TYPE = YES_ERROR;
				GCC_WARN_UNDECLARED_SELECTOR = YES;
				GCC_WARN_UNINITIALIZED_AUTOS = YES_AGGRESSIVE;
				GCC_WARN_UNUSED_FUNCTION = YES;
				GCC_WARN_UNUSED_VARIABLE = YES;
				IPHONEOS_DEPLOYMENT_TARGET = 10.3;
				MTL_ENABLE_DEBUG_INFO = NO;
				SDKROOT = iphoneos;
				SWIFT_OPTIMIZATION_LEVEL = "-Owholemodule";
				VALIDATE_PRODUCT = YES;
			};
			name = Release;
		};
		D8B3CEB31F473B0A003F94FA /* Debug */ = {
			isa = XCBuildConfiguration;
			buildSettings = {
				ASSETCATALOG_COMPILER_APPICON_NAME = AppIcon;
				CODE_SIGN_ENTITLEMENTS = Contacts/Contacts.entitlements;
				DEVELOPMENT_TEAM = 53BVAZ8K9G;
				INFOPLIST_FILE = Contacts/Info.plist;
				LD_RUNPATH_SEARCH_PATHS = "$(inherited) @executable_path/Frameworks";
				PRODUCT_BUNDLE_IDENTIFIER = com.iOSDevelopr.Contacts;
				PRODUCT_NAME = "$(TARGET_NAME)";
				SWIFT_VERSION = 3.0;
			};
			name = Debug;
		};
		D8B3CEB41F473B0A003F94FA /* Release */ = {
			isa = XCBuildConfiguration;
			buildSettings = {
				ASSETCATALOG_COMPILER_APPICON_NAME = AppIcon;
				CODE_SIGN_ENTITLEMENTS = Contacts/Contacts.entitlements;
				DEVELOPMENT_TEAM = 53BVAZ8K9G;
				INFOPLIST_FILE = Contacts/Info.plist;
				LD_RUNPATH_SEARCH_PATHS = "$(inherited) @executable_path/Frameworks";
				PRODUCT_BUNDLE_IDENTIFIER = com.iOSDevelopr.Contacts;
				PRODUCT_NAME = "$(TARGET_NAME)";
				SWIFT_VERSION = 3.0;
			};
			name = Release;
		};
/* End XCBuildConfiguration section */

/* Begin XCConfigurationList section */
		D8B3CE9B1F473B0A003F94FA /* Build configuration list for PBXProject "Contacts" */ = {
			isa = XCConfigurationList;
			buildConfigurations = (
				D8B3CEB01F473B0A003F94FA /* Debug */,
				D8B3CEB11F473B0A003F94FA /* Release */,
			);
			defaultConfigurationIsVisible = 0;
			defaultConfigurationName = Release;
		};
		D8B3CEB21F473B0A003F94FA /* Build configuration list for PBXNativeTarget "Contacts" */ = {
			isa = XCConfigurationList;
			buildConfigurations = (
				D8B3CEB31F473B0A003F94FA /* Debug */,
				D8B3CEB41F473B0A003F94FA /* Release */,
			);
			defaultConfigurationIsVisible = 0;
		};
/* End XCConfigurationList section */
	};
	rootObject = D8B3CE981F473B0A003F94FA /* Project object */;
}
